
Microsoft Visual Studio Solution File, Format Version 12.00
# Visual Studio Version 16
VisualStudioVersion = 16.0.32602.291
MinimumVisualStudioVersion = 10.0.40219.1
Project("{FAE04EC0-301F-11D3-BF4B-00C04F79EFBC}") = "LibraryApp1", "LibraryApp1\LibraryApp1.csproj", "{74EDEA36-8556-4504-8924-3503B29987F0}"
EndProject
Project("{FAE04EC0-301F-11D3-BF4B-00C04F79EFBC}") = "Domain", "Domain\Domain.csproj", "{F40E316A-16E1-4958-AEF4-F55D1A449272}"
EndProject
Project("{FAE04EC0-301F-11D3-BF4B-00C04F79EFBC}") = "Repository", "Repository\Repository.csproj", "{560F510D-8EF5-4B03-A5D7-3819DF9253A2}"
EndProject
Project("{FAE04EC0-301F-11D3-BF4B-00C04F79EFBC}") = "Service", "Service\Service.csproj", "{8F2AA384-D739-4029-A2B6-D21B2921F7B8}"
EndProject
Global
	GlobalSection(SolutionConfigurationPlatforms) = preSolution
		Debug|Any CPU = Debug|Any CPU
		Release|Any CPU = Release|Any CPU
	EndGlobalSection
	GlobalSection(ProjectConfigurationPlatforms) = postSolution
		{74EDEA36-8556-4504-8924-3503B29987F0}.Debug|Any CPU.ActiveCfg = Debug|Any CPU
		{74EDEA36-8556-4504-8924-3503B29987F0}.Debug|Any CPU.Build.0 = Debug|Any CPU
		{74EDEA36-8556-4504-8924-3503B29987F0}.Release|Any CPU.ActiveCfg = Release|Any CPU
		{74EDEA36-8556-4504-8924-3503B29987F0}.Release|Any CPU.Build.0 = Release|Any CPU
		{F40E316A-16E1-4958-AEF4-F55D1A449272}.Debug|Any CPU.ActiveCfg = Debug|Any CPU
		{F40E316A-16E1-4958-AEF4-F55D1A449272}.Debug|Any CPU.Build.0 = Debug|Any CPU
		{F40E316A-16E1-4958-AEF4-F55D1A449272}.Release|Any CPU.ActiveCfg = Release|Any CPU
		{F40E316A-16E1-4958-AEF4-F55D1A449272}.Release|Any CPU.Build.0 = Release|Any CPU
		{560F510D-8EF5-4B03-A5D7-3819DF9253A2}.Debug|Any CPU.ActiveCfg = Debug|Any CPU
		{560F510D-8EF5-4B03-A5D7-3819DF9253A2}.Debug|Any CPU.Build.0 = Debug|Any CPU
		{560F510D-8EF5-4B03-A5D7-3819DF9253A2}.Release|Any CPU.ActiveCfg = Release|Any CPU
		{560F510D-8EF5-4B03-A5D7-3819DF9253A2}.Release|Any CPU.Build.0 = Release|Any CPU
		{8F2AA384-D739-4029-A2B6-D21B2921F7B8}.Debug|Any CPU.ActiveCfg = Debug|Any CPU
		{8F2AA384-D739-4029-A2B6-D21B2921F7B8}.Debug|Any CPU.Build.0 = Debug|Any CPU
		{8F2AA384-D739-4029-A2B6-D21B2921F7B8}.Release|Any CPU.ActiveCfg = Release|Any CPU
		{8F2AA384-D739-4029-A2B6-D21B2921F7B8}.Release|Any CPU.Build.0 = Release|Any CPU
	EndGlobalSection
	GlobalSection(SolutionProperties) = preSolution
		HideSolutionNode = FALSE
	EndGlobalSection
	GlobalSection(ExtensibilityGlobals) = postSolution
		SolutionGuid = {4CACADA1-B551-447D-A4C5-218C1089CB1D}
	EndGlobalSection
EndGlobal
